
Microsoft Visual Studio Solution File, Format Version 12.00
# Visual Studio Version 16
VisualStudioVersion = 16.0.28729.10
MinimumVisualStudioVersion = 10.0.40219.1
Project("{9A19103F-16F7-4668-BE54-9A1E7A4F7556}") = "App.Host", "Host\App.Host\App.Host.csproj", "{73A633CA-859E-4A32-81D2-312D9475506D}"
EndProject
Project("{9A19103F-16F7-4668-BE54-9A1E7A4F7556}") = "App.Modules.Core.AppFacade", "Modules\Core\App.Modules.Core.AppFacade\App.Modules.Core.AppFacade.csproj", "{FFBFC2AD-5074-4EA2-B80A-4B069E94BBBD}"
EndProject
Project("{9A19103F-16F7-4668-BE54-9A1E7A4F7556}") = "App.Modules.Core.Application", "Modules\Core\App.Modules.Core.Application\App.Modules.Core.Application.csproj", "{34B3093E-8BA8-4BD7-8D8D-3240BB0BBE6B}"
EndProject
Project("{9A19103F-16F7-4668-BE54-9A1E7A4F7556}") = "App.Modules.Core.Domain", "Modules\Core\App.Modules.Core.Domain\App.Modules.Core.Domain.csproj", "{90ADE437-6E9E-4EE5-99A7-06B7375B12BB}"
EndProject
Project("{9A19103F-16F7-4668-BE54-9A1E7A4F7556}") = "App.Modules.Core.Infrastructure", "Modules\Core\App.Modules.Core.Infrastructure\App.Modules.Core.Infrastructure.csproj", "{F4C931DB-7F15-48C0-B9F8-DA9D497425F3}"
EndProject
Project("{9A19103F-16F7-4668-BE54-9A1E7A4F7556}") = "App.Modules.Core.Shared", "Modules\Core\App.Modules.Core.Shared\App.Modules.Core.Shared.csproj", "{E9743C18-B05B-401A-8E5A-C77437AC26F8}"
EndProject
Project("{2150E333-8FDC-42A3-9474-1A3956D46DE8}") = "Tests", "Tests", "{B97B962D-DBE8-483A-ADFF-E707D6988976}"
EndProject
Project("{9A19103F-16F7-4668-BE54-9A1E7A4F7556}") = "App.Modules.Core.Shared.Tests", "Modules\Core\App.Modules.Core.Shared.Tests\App.Modules.Core.Shared.Tests.csproj", "{91E6E4FB-EAD8-4862-BAA1-2695CCD54C90}"
EndProject
Project("{9A19103F-16F7-4668-BE54-9A1E7A4F7556}") = "App.Modules.Core.Infrastructure.Tests", "Modules\Core\App.Modules.Core.Infrastructure.Tests\App.Modules.Core.Infrastructure.Tests.csproj", "{E8DB9535-BC72-46A4-A938-0F03098B6603}"
EndProject
Project("{9A19103F-16F7-4668-BE54-9A1E7A4F7556}") = "App.Modules.Core.Application.Tests", "Modules\Core\App.Modules.Core.Application.Tests\App.Modules.Core.Application.Tests.csproj", "{12B3A647-8E8C-4C4C-8AB6-0132EFC28F2B}"
EndProject
Project("{9A19103F-16F7-4668-BE54-9A1E7A4F7556}") = "App.Modules.Core.Domain.Tests", "Modules\Core\App.Modules.Core.Domain.Tests\App.Modules.Core.Domain.Tests.csproj", "{98E7E8A7-4B8B-49BD-98CD-80E4AE73986F}"
EndProject
Project("{9A19103F-16F7-4668-BE54-9A1E7A4F7556}") = "App.Modules.Core.Common.Tests", "Modules\Core\App.Modules.Core.Common\App.Modules.Core.Common.Tests.csproj", "{4738AC8A-2C94-4E87-9735-89644BF42053}"
EndProject
Project("{2150E333-8FDC-42A3-9474-1A3956D46DE8}") = "Solution Items", "Solution Items", "{C8205351-16AF-4954-AA15-F5869BA4E034}"
	ProjectSection(SolutionItems) = preProject
		README.md = README.md
	EndProjectSection
EndProject
Project("{2150E333-8FDC-42A3-9474-1A3956D46DE8}") = "Libs", "Libs", "{1CD73994-7A28-41CB-BC24-534F1A397E92}"
EndProject
Project("{9A19103F-16F7-4668-BE54-9A1E7A4F7556}") = "App.Diagrams.PlantUml", "Modules\Core\MB.Diagrams.PlantUml\App.Diagrams.PlantUml.csproj", "{4E9CB56C-E279-4728-A1DA-0C8FDDED86EB}"
EndProject
Project("{9A19103F-16F7-4668-BE54-9A1E7A4F7556}") = "App.Modules.Core.Code.Tests", "Modules\Core\App.Modules.Core.Code.Tests\App.Modules.Core.Code.Tests.csproj", "{A2F0B8FE-969E-4468-B406-324D2536C044}"
	ProjectSection(ProjectDependencies) = postProject
		{73A633CA-859E-4A32-81D2-312D9475506D} = {73A633CA-859E-4A32-81D2-312D9475506D}
	EndProjectSection
EndProject
Project("{9A19103F-16F7-4668-BE54-9A1E7A4F7556}") = "App.Modules.Design.Shared", "Modules\Design\App.Modules.Design.Shared\App.Modules.Design.Shared.csproj", "{23ED25FE-D22B-4FEE-BEBE-89D27548ACF7}"
EndProject
Project("{9A19103F-16F7-4668-BE54-9A1E7A4F7556}") = "App.Modules.Design.Infrastructure", "Modules\Design\App.Modules.Design.Infrastructure\App.Modules.Design.Infrastructure.csproj", "{055344A2-D9ED-4C1C-86D6-3FBBBC2B7189}"
EndProject
Project("{9A19103F-16F7-4668-BE54-9A1E7A4F7556}") = "App.Modules.Design.Domain", "Modules\Design\App.Modules.Design.Domain\App.Modules.Design.Domain.csproj", "{B501358F-6900-4C26-9F54-378C1B55A779}"
EndProject
Project("{9A19103F-16F7-4668-BE54-9A1E7A4F7556}") = "App.Modules.Design.Application", "Modules\Design\App.Modules.Design.Application\App.Modules.Design.Application.csproj", "{8E06D7EE-E842-49AB-BC17-8EFB0BA37026}"
EndProject
Project("{9A19103F-16F7-4668-BE54-9A1E7A4F7556}") = "App.Modules.Design.AppFacade", "Modules\Design\App.Modules.Design.AppFacade\App.Modules.Design.AppFacade.csproj", "{0F2219AF-70FD-4E1B-96FD-B8C361564967}"
EndProject
Project("{2150E333-8FDC-42A3-9474-1A3956D46DE8}") = "Modules.Core", "Modules.Core", "{054712EC-C463-48D1-9057-2D931FB20699}"
EndProject
Project("{2150E333-8FDC-42A3-9474-1A3956D46DE8}") = "Modules.Design", "Modules.Design", "{E332B0F8-3847-4071-A146-7BBE739B68F2}"
EndProject
Project("{2150E333-8FDC-42A3-9474-1A3956D46DE8}") = "Tests", "Tests", "{21418F38-5589-4788-97AA-42A373107875}"
EndProject
Project("{9A19103F-16F7-4668-BE54-9A1E7A4F7556}") = "App.Modules.Design.Shared.Tests", "Modules\Design\App.Modules.Design.Shared.Tests\App.Modules.Design.Shared.Tests.csproj", "{F4643E53-6392-40EE-8CFE-232F5710AB62}"
EndProject
Project("{9A19103F-16F7-4668-BE54-9A1E7A4F7556}") = "App.Modules.Design.Infrastructure.Tests", "Modules\Design\App.Modules.Design.Infrastructure.Tests\App.Modules.Design.Infrastructure.Tests.csproj", "{DC49AA43-E367-42D4-9894-6D958E43E3A4}"
EndProject
Project("{2150E333-8FDC-42A3-9474-1A3956D46DE8}") = "Wiki", "Wiki", "{1D166C1A-4049-446B-87FB-F508133D16B5}"
	ProjectSection(SolutionItems) = preProject
		..\00.Wiki\readme.md = ..\00.Wiki\readme.md
		..\00.Wiki\readme.txt = ..\00.Wiki\readme.txt
		..\00.Wiki\TextFile2.txt = ..\00.Wiki\TextFile2.txt
	EndProjectSection
EndProject
Project("{2150E333-8FDC-42A3-9474-1A3956D46DE8}") = "Modules.TKWMODULE", "Modules.TKWMODULE", "{E954A9B2-91D7-4418-9556-B145D02D4F91}"
EndProject
Project("{9A19103F-16F7-4668-BE54-9A1E7A4F7556}") = "App.Modules.KWMODULE.Shared", "Modules\KWMODULE\App.Modules.KWMODULE.Shared\App.Modules.KWMODULE.Shared.csproj", "{0BD99370-548F-4206-98CB-052D8C9F32F2}"
EndProject
Project("{9A19103F-16F7-4668-BE54-9A1E7A4F7556}") = "App.Modules.KWMODULE.Infrastructure", "Modules\KWMODULE\App.Modules.KWMODULE.Infrastructure\App.Modules.KWMODULE.Infrastructure.csproj", "{39EFF974-1092-466F-84A3-2A9C5FDB05A6}"
EndProject
Project("{9A19103F-16F7-4668-BE54-9A1E7A4F7556}") = "App.Modules.KWMODULE.Domain", "Modules\KWMODULE\App.Modules.KWMODULE.Domain\App.Modules.KWMODULE.Domain.csproj", "{ACE37EE7-E890-42EA-9DFD-CF601C2A609D}"
EndProject
Project("{9A19103F-16F7-4668-BE54-9A1E7A4F7556}") = "App.Modules.KWMODULE.AppFacade", "Modules\KWMODULE\App.Modules.KWMODULE.AppFacade\App.Modules.KWMODULE.AppFacade.csproj", "{10EFD428-EC23-4981-8514-6CC81A06A832}"
EndProject
Project("{9A19103F-16F7-4668-BE54-9A1E7A4F7556}") = "App.Modules.KWMODULE.Application", "Modules\KWMODULE\App.Modules.KWMODULE.Application\App.Modules.KWMODULE.Application.csproj", "{AAC62147-2A9C-4FFB-AB04-9E565343224A}"
EndProject
Project("{2150E333-8FDC-42A3-9474-1A3956D46DE8}") = "Tests", "Tests", "{E9DE18FE-9AF5-4665-8C4E-2780791CA96A}"
EndProject
Project("{FAE04EC0-301F-11D3-BF4B-00C04F79EFBC}") = "App.Modules.KWMODULE.Shared.Tests", "Modules\KWMODULE\App.Modules.KWMODULE.Shared.Tests\App.Modules.KWMODULE.Shared.Tests.csproj", "{3B7AE133-954E-4A00-8C53-B2A99EA7E9AF}"
EndProject
Project("{FAE04EC0-301F-11D3-BF4B-00C04F79EFBC}") = "App.Modules.KWMODULE.Infrastructure.Tests", "Modules\KWMODULE\App.Modules.KWMODULE.Infrastructure.Tests\App.Modules.KWMODULE.Infrastructure.Tests.csproj", "{0A746BEF-4492-48F8-A6A7-912481BE1125}"
EndProject
Project("{FAE04EC0-301F-11D3-BF4B-00C04F79EFBC}") = "App.Modules.KWMODULE.Domain.Tests", "Modules\KWMODULE\App.Modules.KWMODULE.Domain.Tests\App.Modules.KWMODULE.Domain.Tests.csproj", "{7E920504-6F2C-46D2-93DE-081CF74B4B8E}"
EndProject
Project("{FAE04EC0-301F-11D3-BF4B-00C04F79EFBC}") = "App.Modules.KWMODULE.Application.Tests", "Modules\KWMODULE\App.Modules.KWMODULE.Application.Tests\App.Modules.KWMODULE.Application.Tests.csproj", "{ACFF93DF-6676-4888-9B02-929131D66AAA}"
EndProject
Project("{FAE04EC0-301F-11D3-BF4B-00C04F79EFBC}") = "App.Modules.KWMODULE.AppFacade.Tests", "Modules\KWMODULE\App.Modules.KWMODULE.AppFacade.Tests\App.Modules.KWMODULE.AppFacade.Tests.csproj", "{18E69E7F-C49A-4C51-B390-5AB5D867F39D}"
EndProject
Global
	GlobalSection(SolutionConfigurationPlatforms) = preSolution
		Debug|Any CPU = Debug|Any CPU
		Release|Any CPU = Release|Any CPU
	EndGlobalSection
	GlobalSection(ProjectConfigurationPlatforms) = postSolution
		{73A633CA-859E-4A32-81D2-312D9475506D}.Debug|Any CPU.ActiveCfg = Debug|Any CPU
		{73A633CA-859E-4A32-81D2-312D9475506D}.Debug|Any CPU.Build.0 = Debug|Any CPU
		{73A633CA-859E-4A32-81D2-312D9475506D}.Release|Any CPU.ActiveCfg = Release|Any CPU
		{73A633CA-859E-4A32-81D2-312D9475506D}.Release|Any CPU.Build.0 = Release|Any CPU
		{FFBFC2AD-5074-4EA2-B80A-4B069E94BBBD}.Debug|Any CPU.ActiveCfg = Debug|Any CPU
		{FFBFC2AD-5074-4EA2-B80A-4B069E94BBBD}.Debug|Any CPU.Build.0 = Debug|Any CPU
		{FFBFC2AD-5074-4EA2-B80A-4B069E94BBBD}.Release|Any CPU.ActiveCfg = Release|Any CPU
		{FFBFC2AD-5074-4EA2-B80A-4B069E94BBBD}.Release|Any CPU.Build.0 = Release|Any CPU
		{34B3093E-8BA8-4BD7-8D8D-3240BB0BBE6B}.Debug|Any CPU.ActiveCfg = Debug|Any CPU
		{34B3093E-8BA8-4BD7-8D8D-3240BB0BBE6B}.Debug|Any CPU.Build.0 = Debug|Any CPU
		{34B3093E-8BA8-4BD7-8D8D-3240BB0BBE6B}.Release|Any CPU.ActiveCfg = Release|Any CPU
		{34B3093E-8BA8-4BD7-8D8D-3240BB0BBE6B}.Release|Any CPU.Build.0 = Release|Any CPU
		{90ADE437-6E9E-4EE5-99A7-06B7375B12BB}.Debug|Any CPU.ActiveCfg = Debug|Any CPU
		{90ADE437-6E9E-4EE5-99A7-06B7375B12BB}.Debug|Any CPU.Build.0 = Debug|Any CPU
		{90ADE437-6E9E-4EE5-99A7-06B7375B12BB}.Release|Any CPU.ActiveCfg = Release|Any CPU
		{90ADE437-6E9E-4EE5-99A7-06B7375B12BB}.Release|Any CPU.Build.0 = Release|Any CPU
		{F4C931DB-7F15-48C0-B9F8-DA9D497425F3}.Debug|Any CPU.ActiveCfg = Debug|Any CPU
		{F4C931DB-7F15-48C0-B9F8-DA9D497425F3}.Debug|Any CPU.Build.0 = Debug|Any CPU
		{F4C931DB-7F15-48C0-B9F8-DA9D497425F3}.Release|Any CPU.ActiveCfg = Release|Any CPU
		{F4C931DB-7F15-48C0-B9F8-DA9D497425F3}.Release|Any CPU.Build.0 = Release|Any CPU
		{E9743C18-B05B-401A-8E5A-C77437AC26F8}.Debug|Any CPU.ActiveCfg = Debug|Any CPU
		{E9743C18-B05B-401A-8E5A-C77437AC26F8}.Debug|Any CPU.Build.0 = Debug|Any CPU
		{E9743C18-B05B-401A-8E5A-C77437AC26F8}.Release|Any CPU.ActiveCfg = Release|Any CPU
		{E9743C18-B05B-401A-8E5A-C77437AC26F8}.Release|Any CPU.Build.0 = Release|Any CPU
		{91E6E4FB-EAD8-4862-BAA1-2695CCD54C90}.Debug|Any CPU.ActiveCfg = Debug|Any CPU
		{91E6E4FB-EAD8-4862-BAA1-2695CCD54C90}.Debug|Any CPU.Build.0 = Debug|Any CPU
		{91E6E4FB-EAD8-4862-BAA1-2695CCD54C90}.Release|Any CPU.ActiveCfg = Release|Any CPU
		{91E6E4FB-EAD8-4862-BAA1-2695CCD54C90}.Release|Any CPU.Build.0 = Release|Any CPU
		{E8DB9535-BC72-46A4-A938-0F03098B6603}.Debug|Any CPU.ActiveCfg = Debug|Any CPU
		{E8DB9535-BC72-46A4-A938-0F03098B6603}.Debug|Any CPU.Build.0 = Debug|Any CPU
		{E8DB9535-BC72-46A4-A938-0F03098B6603}.Release|Any CPU.ActiveCfg = Release|Any CPU
		{E8DB9535-BC72-46A4-A938-0F03098B6603}.Release|Any CPU.Build.0 = Release|Any CPU
		{12B3A647-8E8C-4C4C-8AB6-0132EFC28F2B}.Debug|Any CPU.ActiveCfg = Debug|Any CPU
		{12B3A647-8E8C-4C4C-8AB6-0132EFC28F2B}.Debug|Any CPU.Build.0 = Debug|Any CPU
		{12B3A647-8E8C-4C4C-8AB6-0132EFC28F2B}.Release|Any CPU.ActiveCfg = Release|Any CPU
		{12B3A647-8E8C-4C4C-8AB6-0132EFC28F2B}.Release|Any CPU.Build.0 = Release|Any CPU
		{98E7E8A7-4B8B-49BD-98CD-80E4AE73986F}.Debug|Any CPU.ActiveCfg = Debug|Any CPU
		{98E7E8A7-4B8B-49BD-98CD-80E4AE73986F}.Debug|Any CPU.Build.0 = Debug|Any CPU
		{98E7E8A7-4B8B-49BD-98CD-80E4AE73986F}.Release|Any CPU.ActiveCfg = Release|Any CPU
		{98E7E8A7-4B8B-49BD-98CD-80E4AE73986F}.Release|Any CPU.Build.0 = Release|Any CPU
		{4738AC8A-2C94-4E87-9735-89644BF42053}.Debug|Any CPU.ActiveCfg = Debug|Any CPU
		{4738AC8A-2C94-4E87-9735-89644BF42053}.Debug|Any CPU.Build.0 = Debug|Any CPU
		{4738AC8A-2C94-4E87-9735-89644BF42053}.Release|Any CPU.ActiveCfg = Release|Any CPU
		{4738AC8A-2C94-4E87-9735-89644BF42053}.Release|Any CPU.Build.0 = Release|Any CPU
		{4E9CB56C-E279-4728-A1DA-0C8FDDED86EB}.Debug|Any CPU.ActiveCfg = Debug|Any CPU
		{4E9CB56C-E279-4728-A1DA-0C8FDDED86EB}.Debug|Any CPU.Build.0 = Debug|Any CPU
		{4E9CB56C-E279-4728-A1DA-0C8FDDED86EB}.Release|Any CPU.ActiveCfg = Release|Any CPU
		{4E9CB56C-E279-4728-A1DA-0C8FDDED86EB}.Release|Any CPU.Build.0 = Release|Any CPU
		{A2F0B8FE-969E-4468-B406-324D2536C044}.Debug|Any CPU.ActiveCfg = Debug|Any CPU
		{A2F0B8FE-969E-4468-B406-324D2536C044}.Debug|Any CPU.Build.0 = Debug|Any CPU
		{A2F0B8FE-969E-4468-B406-324D2536C044}.Release|Any CPU.ActiveCfg = Release|Any CPU
		{A2F0B8FE-969E-4468-B406-324D2536C044}.Release|Any CPU.Build.0 = Release|Any CPU
		{23ED25FE-D22B-4FEE-BEBE-89D27548ACF7}.Debug|Any CPU.ActiveCfg = Debug|Any CPU
		{23ED25FE-D22B-4FEE-BEBE-89D27548ACF7}.Debug|Any CPU.Build.0 = Debug|Any CPU
		{23ED25FE-D22B-4FEE-BEBE-89D27548ACF7}.Release|Any CPU.ActiveCfg = Release|Any CPU
		{23ED25FE-D22B-4FEE-BEBE-89D27548ACF7}.Release|Any CPU.Build.0 = Release|Any CPU
		{055344A2-D9ED-4C1C-86D6-3FBBBC2B7189}.Debug|Any CPU.ActiveCfg = Debug|Any CPU
		{055344A2-D9ED-4C1C-86D6-3FBBBC2B7189}.Debug|Any CPU.Build.0 = Debug|Any CPU
		{055344A2-D9ED-4C1C-86D6-3FBBBC2B7189}.Release|Any CPU.ActiveCfg = Release|Any CPU
		{055344A2-D9ED-4C1C-86D6-3FBBBC2B7189}.Release|Any CPU.Build.0 = Release|Any CPU
		{B501358F-6900-4C26-9F54-378C1B55A779}.Debug|Any CPU.ActiveCfg = Debug|Any CPU
		{B501358F-6900-4C26-9F54-378C1B55A779}.Debug|Any CPU.Build.0 = Debug|Any CPU
		{B501358F-6900-4C26-9F54-378C1B55A779}.Release|Any CPU.ActiveCfg = Release|Any CPU
		{B501358F-6900-4C26-9F54-378C1B55A779}.Release|Any CPU.Build.0 = Release|Any CPU
		{8E06D7EE-E842-49AB-BC17-8EFB0BA37026}.Debug|Any CPU.ActiveCfg = Debug|Any CPU
		{8E06D7EE-E842-49AB-BC17-8EFB0BA37026}.Debug|Any CPU.Build.0 = Debug|Any CPU
		{8E06D7EE-E842-49AB-BC17-8EFB0BA37026}.Release|Any CPU.ActiveCfg = Release|Any CPU
		{8E06D7EE-E842-49AB-BC17-8EFB0BA37026}.Release|Any CPU.Build.0 = Release|Any CPU
		{0F2219AF-70FD-4E1B-96FD-B8C361564967}.Debug|Any CPU.ActiveCfg = Debug|Any CPU
		{0F2219AF-70FD-4E1B-96FD-B8C361564967}.Debug|Any CPU.Build.0 = Debug|Any CPU
		{0F2219AF-70FD-4E1B-96FD-B8C361564967}.Release|Any CPU.ActiveCfg = Release|Any CPU
		{0F2219AF-70FD-4E1B-96FD-B8C361564967}.Release|Any CPU.Build.0 = Release|Any CPU
		{F4643E53-6392-40EE-8CFE-232F5710AB62}.Debug|Any CPU.ActiveCfg = Debug|Any CPU
		{F4643E53-6392-40EE-8CFE-232F5710AB62}.Debug|Any CPU.Build.0 = Debug|Any CPU
		{F4643E53-6392-40EE-8CFE-232F5710AB62}.Release|Any CPU.ActiveCfg = Release|Any CPU
		{F4643E53-6392-40EE-8CFE-232F5710AB62}.Release|Any CPU.Build.0 = Release|Any CPU
		{DC49AA43-E367-42D4-9894-6D958E43E3A4}.Debug|Any CPU.ActiveCfg = Debug|Any CPU
		{DC49AA43-E367-42D4-9894-6D958E43E3A4}.Debug|Any CPU.Build.0 = Debug|Any CPU
		{DC49AA43-E367-42D4-9894-6D958E43E3A4}.Release|Any CPU.ActiveCfg = Release|Any CPU
		{DC49AA43-E367-42D4-9894-6D958E43E3A4}.Release|Any CPU.Build.0 = Release|Any CPU
		{0BD99370-548F-4206-98CB-052D8C9F32F2}.Debug|Any CPU.ActiveCfg = Debug|Any CPU
		{0BD99370-548F-4206-98CB-052D8C9F32F2}.Debug|Any CPU.Build.0 = Debug|Any CPU
		{0BD99370-548F-4206-98CB-052D8C9F32F2}.Release|Any CPU.ActiveCfg = Release|Any CPU
		{0BD99370-548F-4206-98CB-052D8C9F32F2}.Release|Any CPU.Build.0 = Release|Any CPU
		{39EFF974-1092-466F-84A3-2A9C5FDB05A6}.Debug|Any CPU.ActiveCfg = Debug|Any CPU
		{39EFF974-1092-466F-84A3-2A9C5FDB05A6}.Debug|Any CPU.Build.0 = Debug|Any CPU
		{39EFF974-1092-466F-84A3-2A9C5FDB05A6}.Release|Any CPU.ActiveCfg = Release|Any CPU
		{39EFF974-1092-466F-84A3-2A9C5FDB05A6}.Release|Any CPU.Build.0 = Release|Any CPU
		{ACE37EE7-E890-42EA-9DFD-CF601C2A609D}.Debug|Any CPU.ActiveCfg = Debug|Any CPU
		{ACE37EE7-E890-42EA-9DFD-CF601C2A609D}.Debug|Any CPU.Build.0 = Debug|Any CPU
		{ACE37EE7-E890-42EA-9DFD-CF601C2A609D}.Release|Any CPU.ActiveCfg = Release|Any CPU
		{ACE37EE7-E890-42EA-9DFD-CF601C2A609D}.Release|Any CPU.Build.0 = Release|Any CPU
		{10EFD428-EC23-4981-8514-6CC81A06A832}.Debug|Any CPU.ActiveCfg = Debug|Any CPU
		{10EFD428-EC23-4981-8514-6CC81A06A832}.Debug|Any CPU.Build.0 = Debug|Any CPU
		{10EFD428-EC23-4981-8514-6CC81A06A832}.Release|Any CPU.ActiveCfg = Release|Any CPU
		{10EFD428-EC23-4981-8514-6CC81A06A832}.Release|Any CPU.Build.0 = Release|Any CPU
		{AAC62147-2A9C-4FFB-AB04-9E565343224A}.Debug|Any CPU.ActiveCfg = Debug|Any CPU
		{AAC62147-2A9C-4FFB-AB04-9E565343224A}.Debug|Any CPU.Build.0 = Debug|Any CPU
		{AAC62147-2A9C-4FFB-AB04-9E565343224A}.Release|Any CPU.ActiveCfg = Release|Any CPU
		{AAC62147-2A9C-4FFB-AB04-9E565343224A}.Release|Any CPU.Build.0 = Release|Any CPU
		{3B7AE133-954E-4A00-8C53-B2A99EA7E9AF}.Debug|Any CPU.ActiveCfg = Debug|Any CPU
		{3B7AE133-954E-4A00-8C53-B2A99EA7E9AF}.Debug|Any CPU.Build.0 = Debug|Any CPU
		{3B7AE133-954E-4A00-8C53-B2A99EA7E9AF}.Release|Any CPU.ActiveCfg = Release|Any CPU
		{3B7AE133-954E-4A00-8C53-B2A99EA7E9AF}.Release|Any CPU.Build.0 = Release|Any CPU
		{0A746BEF-4492-48F8-A6A7-912481BE1125}.Debug|Any CPU.ActiveCfg = Debug|Any CPU
		{0A746BEF-4492-48F8-A6A7-912481BE1125}.Debug|Any CPU.Build.0 = Debug|Any CPU
		{0A746BEF-4492-48F8-A6A7-912481BE1125}.Release|Any CPU.ActiveCfg = Release|Any CPU
		{0A746BEF-4492-48F8-A6A7-912481BE1125}.Release|Any CPU.Build.0 = Release|Any CPU
		{7E920504-6F2C-46D2-93DE-081CF74B4B8E}.Debug|Any CPU.ActiveCfg = Debug|Any CPU
		{7E920504-6F2C-46D2-93DE-081CF74B4B8E}.Debug|Any CPU.Build.0 = Debug|Any CPU
		{7E920504-6F2C-46D2-93DE-081CF74B4B8E}.Release|Any CPU.ActiveCfg = Release|Any CPU
		{7E920504-6F2C-46D2-93DE-081CF74B4B8E}.Release|Any CPU.Build.0 = Release|Any CPU
		{ACFF93DF-6676-4888-9B02-929131D66AAA}.Debug|Any CPU.ActiveCfg = Debug|Any CPU
		{ACFF93DF-6676-4888-9B02-929131D66AAA}.Debug|Any CPU.Build.0 = Debug|Any CPU
		{ACFF93DF-6676-4888-9B02-929131D66AAA}.Release|Any CPU.ActiveCfg = Release|Any CPU
		{ACFF93DF-6676-4888-9B02-929131D66AAA}.Release|Any CPU.Build.0 = Release|Any CPU
		{18E69E7F-C49A-4C51-B390-5AB5D867F39D}.Debug|Any CPU.ActiveCfg = Debug|Any CPU
		{18E69E7F-C49A-4C51-B390-5AB5D867F39D}.Debug|Any CPU.Build.0 = Debug|Any CPU
		{18E69E7F-C49A-4C51-B390-5AB5D867F39D}.Release|Any CPU.ActiveCfg = Release|Any CPU
		{18E69E7F-C49A-4C51-B390-5AB5D867F39D}.Release|Any CPU.Build.0 = Release|Any CPU
	EndGlobalSection
	GlobalSection(SolutionProperties) = preSolution
		HideSolutionNode = FALSE
	EndGlobalSection
	GlobalSection(NestedProjects) = preSolution
		{FFBFC2AD-5074-4EA2-B80A-4B069E94BBBD} = {054712EC-C463-48D1-9057-2D931FB20699}
		{34B3093E-8BA8-4BD7-8D8D-3240BB0BBE6B} = {054712EC-C463-48D1-9057-2D931FB20699}
		{90ADE437-6E9E-4EE5-99A7-06B7375B12BB} = {054712EC-C463-48D1-9057-2D931FB20699}
		{F4C931DB-7F15-48C0-B9F8-DA9D497425F3} = {054712EC-C463-48D1-9057-2D931FB20699}
		{E9743C18-B05B-401A-8E5A-C77437AC26F8} = {054712EC-C463-48D1-9057-2D931FB20699}
		{B97B962D-DBE8-483A-ADFF-E707D6988976} = {054712EC-C463-48D1-9057-2D931FB20699}
		{91E6E4FB-EAD8-4862-BAA1-2695CCD54C90} = {B97B962D-DBE8-483A-ADFF-E707D6988976}
		{E8DB9535-BC72-46A4-A938-0F03098B6603} = {B97B962D-DBE8-483A-ADFF-E707D6988976}
		{12B3A647-8E8C-4C4C-8AB6-0132EFC28F2B} = {B97B962D-DBE8-483A-ADFF-E707D6988976}
		{98E7E8A7-4B8B-49BD-98CD-80E4AE73986F} = {B97B962D-DBE8-483A-ADFF-E707D6988976}
		{4738AC8A-2C94-4E87-9735-89644BF42053} = {B97B962D-DBE8-483A-ADFF-E707D6988976}
		{4E9CB56C-E279-4728-A1DA-0C8FDDED86EB} = {1CD73994-7A28-41CB-BC24-534F1A397E92}
		{A2F0B8FE-969E-4468-B406-324D2536C044} = {B97B962D-DBE8-483A-ADFF-E707D6988976}
		{23ED25FE-D22B-4FEE-BEBE-89D27548ACF7} = {E332B0F8-3847-4071-A146-7BBE739B68F2}
		{055344A2-D9ED-4C1C-86D6-3FBBBC2B7189} = {E332B0F8-3847-4071-A146-7BBE739B68F2}
		{B501358F-6900-4C26-9F54-378C1B55A779} = {E332B0F8-3847-4071-A146-7BBE739B68F2}
		{8E06D7EE-E842-49AB-BC17-8EFB0BA37026} = {E332B0F8-3847-4071-A146-7BBE739B68F2}
		{0F2219AF-70FD-4E1B-96FD-B8C361564967} = {E332B0F8-3847-4071-A146-7BBE739B68F2}
		{21418F38-5589-4788-97AA-42A373107875} = {E332B0F8-3847-4071-A146-7BBE739B68F2}
		{F4643E53-6392-40EE-8CFE-232F5710AB62} = {21418F38-5589-4788-97AA-42A373107875}
		{DC49AA43-E367-42D4-9894-6D958E43E3A4} = {21418F38-5589-4788-97AA-42A373107875}
		{0BD99370-548F-4206-98CB-052D8C9F32F2} = {E954A9B2-91D7-4418-9556-B145D02D4F91}
		{39EFF974-1092-466F-84A3-2A9C5FDB05A6} = {E954A9B2-91D7-4418-9556-B145D02D4F91}
		{ACE37EE7-E890-42EA-9DFD-CF601C2A609D} = {E954A9B2-91D7-4418-9556-B145D02D4F91}
		{10EFD428-EC23-4981-8514-6CC81A06A832} = {E954A9B2-91D7-4418-9556-B145D02D4F91}
		{AAC62147-2A9C-4FFB-AB04-9E565343224A} = {E954A9B2-91D7-4418-9556-B145D02D4F91}
		{E9DE18FE-9AF5-4665-8C4E-2780791CA96A} = {E954A9B2-91D7-4418-9556-B145D02D4F91}
		{3B7AE133-954E-4A00-8C53-B2A99EA7E9AF} = {E9DE18FE-9AF5-4665-8C4E-2780791CA96A}
		{0A746BEF-4492-48F8-A6A7-912481BE1125} = {E9DE18FE-9AF5-4665-8C4E-2780791CA96A}
		{7E920504-6F2C-46D2-93DE-081CF74B4B8E} = {E9DE18FE-9AF5-4665-8C4E-2780791CA96A}
		{ACFF93DF-6676-4888-9B02-929131D66AAA} = {E9DE18FE-9AF5-4665-8C4E-2780791CA96A}
		{18E69E7F-C49A-4C51-B390-5AB5D867F39D} = {E9DE18FE-9AF5-4665-8C4E-2780791CA96A}
	EndGlobalSection
	GlobalSection(ExtensibilityGlobals) = postSolution
		SolutionGuid = {BDAC3C07-3542-4993-9328-FEDEFDD8AADF}
	EndGlobalSection
EndGlobal
